
Microsoft Visual Studio Solution File, Format Version 12.00
# Visual Studio Version 17
VisualStudioVersion = 17.3.32929.385
MinimumVisualStudioVersion = 10.0.40219.1
Project("{9A19103F-16F7-4668-BE54-9A1E7A4F7556}") = "EstoqueConsoleApp", "EstoqueConsoleApp\EstoqueConsoleApp.csproj", "{7F5BB22D-99CE-486D-A458-DA6D2242CF57}"
EndProject
Project("{9A19103F-16F7-4668-BE54-9A1E7A4F7556}") = "EstudoConsoleApp", "EstudoConsoleApp\EstudoConsoleApp.csproj", "{4B1FA7C8-815C-4575-AD1F-0640D258B540}"
EndProject
Project("{FAE04EC0-301F-11D3-BF4B-00C04F79EFBC}") = "EstoqueApp", "EstoqueApp\EstoqueApp.csproj", "{D0758F4F-DC8A-4375-AD28-539DA7AEDE63}"
EndProject
Project("{2150E333-8FDC-42A3-9474-1A3956D46DE8}") = "01 - Exercicios", "01 - Exercicios", "{17CFD505-8CA9-49A2-AE57-443257861B63}"
EndProject
Global
	GlobalSection(SolutionConfigurationPlatforms) = preSolution
		Debug|Any CPU = Debug|Any CPU
		Release|Any CPU = Release|Any CPU
	EndGlobalSection
	GlobalSection(ProjectConfigurationPlatforms) = postSolution
		{7F5BB22D-99CE-486D-A458-DA6D2242CF57}.Debug|Any CPU.ActiveCfg = Debug|Any CPU
		{7F5BB22D-99CE-486D-A458-DA6D2242CF57}.Debug|Any CPU.Build.0 = Debug|Any CPU
		{7F5BB22D-99CE-486D-A458-DA6D2242CF57}.Release|Any CPU.ActiveCfg = Release|Any CPU
		{7F5BB22D-99CE-486D-A458-DA6D2242CF57}.Release|Any CPU.Build.0 = Release|Any CPU
		{4B1FA7C8-815C-4575-AD1F-0640D258B540}.Debug|Any CPU.ActiveCfg = Debug|Any CPU
		{4B1FA7C8-815C-4575-AD1F-0640D258B540}.Debug|Any CPU.Build.0 = Debug|Any CPU
		{4B1FA7C8-815C-4575-AD1F-0640D258B540}.Release|Any CPU.ActiveCfg = Release|Any CPU
		{4B1FA7C8-815C-4575-AD1F-0640D258B540}.Release|Any CPU.Build.0 = Release|Any CPU
		{D0758F4F-DC8A-4375-AD28-539DA7AEDE63}.Debug|Any CPU.ActiveCfg = Debug|Any CPU
		{D0758F4F-DC8A-4375-AD28-539DA7AEDE63}.Debug|Any CPU.Build.0 = Debug|Any CPU
		{D0758F4F-DC8A-4375-AD28-539DA7AEDE63}.Release|Any CPU.ActiveCfg = Release|Any CPU
		{D0758F4F-DC8A-4375-AD28-539DA7AEDE63}.Release|Any CPU.Build.0 = Release|Any CPU
	EndGlobalSection
	GlobalSection(SolutionProperties) = preSolution
		HideSolutionNode = FALSE
	EndGlobalSection
	GlobalSection(NestedProjects) = preSolution
		{7F5BB22D-99CE-486D-A458-DA6D2242CF57} = {17CFD505-8CA9-49A2-AE57-443257861B63}
		{4B1FA7C8-815C-4575-AD1F-0640D258B540} = {17CFD505-8CA9-49A2-AE57-443257861B63}
	EndGlobalSection
	GlobalSection(ExtensibilityGlobals) = postSolution
		SolutionGuid = {99CB747A-83CC-4AE7-B966-09A3FF9E7B2D}
	EndGlobalSection
EndGlobal
